
Microsoft Visual Studio Solution File, Format Version 12.00
# Visual Studio Version 17
VisualStudioVersion = 17.9.34622.214
MinimumVisualStudioVersion = 10.0.40219.1
Project("{FAE04EC0-301F-11D3-BF4B-00C04F79EFBC}") = "Lessons7", "Lessons7.csproj", "{F7390BCE-CC4C-458D-AE68-CED844635DFF}"
EndProject
Global
	GlobalSection(SolutionConfigurationPlatforms) = preSolution
		Debug|Any CPU = Debug|Any CPU
		Release|Any CPU = Release|Any CPU
	EndGlobalSection
	GlobalSection(ProjectConfigurationPlatforms) = postSolution
		{F7390BCE-CC4C-458D-AE68-CED844635DFF}.Debug|Any CPU.ActiveCfg = Debug|Any CPU
		{F7390BCE-CC4C-458D-AE68-CED844635DFF}.Debug|Any CPU.Build.0 = Debug|Any CPU
		{F7390BCE-CC4C-458D-AE68-CED844635DFF}.Release|Any CPU.ActiveCfg = Release|Any CPU
		{F7390BCE-CC4C-458D-AE68-CED844635DFF}.Release|Any CPU.Build.0 = Release|Any CPU
	EndGlobalSection
	GlobalSection(SolutionProperties) = preSolution
		HideSolutionNode = FALSE
	EndGlobalSection
	GlobalSection(ExtensibilityGlobals) = postSolution
		SolutionGuid = {7DC4DDB1-D92D-41C2-9D04-5DA97B84E100}
	EndGlobalSection
EndGlobal
