
Microsoft Visual Studio Solution File, Format Version 12.00
# Visual Studio Version 17
VisualStudioVersion = 17.9.34622.214
MinimumVisualStudioVersion = 10.0.40219.1
Project("{FAE04EC0-301F-11D3-BF4B-00C04F79EFBC}") = "Lessons15", "Lessons15.csproj", "{59D68C60-F554-41F3-AD8F-C025CA945AAE}"
EndProject
Global
	GlobalSection(SolutionConfigurationPlatforms) = preSolution
		Debug|Any CPU = Debug|Any CPU
		Release|Any CPU = Release|Any CPU
	EndGlobalSection
	GlobalSection(ProjectConfigurationPlatforms) = postSolution
		{59D68C60-F554-41F3-AD8F-C025CA945AAE}.Debug|Any CPU.ActiveCfg = Debug|Any CPU
		{59D68C60-F554-41F3-AD8F-C025CA945AAE}.Debug|Any CPU.Build.0 = Debug|Any CPU
		{59D68C60-F554-41F3-AD8F-C025CA945AAE}.Release|Any CPU.ActiveCfg = Release|Any CPU
		{59D68C60-F554-41F3-AD8F-C025CA945AAE}.Release|Any CPU.Build.0 = Release|Any CPU
	EndGlobalSection
	GlobalSection(SolutionProperties) = preSolution
		HideSolutionNode = FALSE
	EndGlobalSection
	GlobalSection(ExtensibilityGlobals) = postSolution
		SolutionGuid = {4D0BC921-AB53-48A6-AA3B-2E32668658BD}
	EndGlobalSection
EndGlobal
